
Microsoft Visual Studio Solution File, Format Version 12.00
# Visual Studio Version 17
VisualStudioVersion = 17.5.33502.453
MinimumVisualStudioVersion = 10.0.40219.1
Project("{888888A0-9F3D-457C-B088-3A5042F75D52}") = "RomanTurtleAssessment", "RomanTurtleAssessment.pyproj", "{036F8888-1528-44A2-812E-C9422E27C6F4}"
EndProject
Global
	GlobalSection(SolutionConfigurationPlatforms) = preSolution
		Debug|Any CPU = Debug|Any CPU
		Release|Any CPU = Release|Any CPU
	EndGlobalSection
	GlobalSection(ProjectConfigurationPlatforms) = postSolution
		{036F8888-1528-44A2-812E-C9422E27C6F4}.Debug|Any CPU.ActiveCfg = Debug|Any CPU
		{036F8888-1528-44A2-812E-C9422E27C6F4}.Release|Any CPU.ActiveCfg = Release|Any CPU
	EndGlobalSection
	GlobalSection(SolutionProperties) = preSolution
		HideSolutionNode = FALSE
	EndGlobalSection
	GlobalSection(ExtensibilityGlobals) = postSolution
		SolutionGuid = {05C61A8C-1258-4B21-9598-5D7963151191}
	EndGlobalSection
EndGlobal
